
Microsoft Visual Studio Solution File, Format Version 12.00
# Visual Studio Version 17
VisualStudioVersion = 17.11.35303.130
MinimumVisualStudioVersion = 10.0.40219.1
Project("{FAE04EC0-301F-11D3-BF4B-00C04F79EFBC}") = "SimpleCopyOfCNPJ", "SimpleCopyOfCNPJ\SimpleCopyOfCNPJ.csproj", "{972808F8-6A59-47AB-AD1C-9EDD006A446A}"
EndProject
Global
	GlobalSection(SolutionConfigurationPlatforms) = preSolution
		Debug|Any CPU = Debug|Any CPU
		Release|Any CPU = Release|Any CPU
	EndGlobalSection
	GlobalSection(ProjectConfigurationPlatforms) = postSolution
		{972808F8-6A59-47AB-AD1C-9EDD006A446A}.Debug|Any CPU.ActiveCfg = Debug|Any CPU
		{972808F8-6A59-47AB-AD1C-9EDD006A446A}.Debug|Any CPU.Build.0 = Debug|Any CPU
		{972808F8-6A59-47AB-AD1C-9EDD006A446A}.Release|Any CPU.ActiveCfg = Release|Any CPU
		{972808F8-6A59-47AB-AD1C-9EDD006A446A}.Release|Any CPU.Build.0 = Release|Any CPU
	EndGlobalSection
	GlobalSection(SolutionProperties) = preSolution
		HideSolutionNode = FALSE
	EndGlobalSection
	GlobalSection(ExtensibilityGlobals) = postSolution
		SolutionGuid = {0E5F07DE-F5EF-4E09-8967-11744FCFB481}
	EndGlobalSection
EndGlobal
